// !$*UTF8*$!
{
	archiveVersion = 1;
	classes = {
	};
	objectVersion = 56;
	objects = {

/* Begin PBXBuildFile section */
		80152C972BA172E700D6DCED /* NIOFoundationCompat in Frameworks */ = {isa = PBXBuildFile; productRef = 80152C962BA172E700D6DCED /* NIOFoundationCompat */; };
		80152C9B2BA1748700D6DCED /* _NIOFileSystem in Frameworks */ = {isa = PBXBuildFile; productRef = 80152C9A2BA1748700D6DCED /* _NIOFileSystem */; };
		80152C9D2BA1748700D6DCED /* _NIOFileSystemFoundationCompat in Frameworks */ = {isa = PBXBuildFile; productRef = 80152C9C2BA1748700D6DCED /* _NIOFileSystemFoundationCompat */; };
		80152CAA2BA182F400D6DCED /* FirebaseAnalytics in Frameworks */ = {isa = PBXBuildFile; productRef = 80152CA92BA182F400D6DCED /* FirebaseAnalytics */; };
		80152CAC2BA182F400D6DCED /* FirebaseAnalyticsOnDeviceConversion in Frameworks */ = {isa = PBXBuildFile; productRef = 80152CAB2BA182F400D6DCED /* FirebaseAnalyticsOnDeviceConversion */; };
		80152CAE2BA182F400D6DCED /* FirebaseAnalyticsSwift in Frameworks */ = {isa = PBXBuildFile; productRef = 80152CAD2BA182F400D6DCED /* FirebaseAnalyticsSwift */; };
		80152CB02BA182F400D6DCED /* FirebaseAnalyticsWithoutAdIdSupport in Frameworks */ = {isa = PBXBuildFile; productRef = 80152CAF2BA182F400D6DCED /* FirebaseAnalyticsWithoutAdIdSupport */; };
		80152CB22BA182F400D6DCED /* FirebaseAppCheck in Frameworks */ = {isa = PBXBuildFile; productRef = 80152CB12BA182F400D6DCED /* FirebaseAppCheck */; };
		80152CB42BA182F400D6DCED /* FirebaseAppDistribution-Beta in Frameworks */ = {isa = PBXBuildFile; productRef = 80152CB32BA182F400D6DCED /* FirebaseAppDistribution-Beta */; };
		80152CB62BA182F400D6DCED /* FirebaseAuth in Frameworks */ = {isa = PBXBuildFile; productRef = 80152CB52BA182F400D6DCED /* FirebaseAuth */; };
		80152CB82BA182F400D6DCED /* FirebaseAuthCombine-Community in Frameworks */ = {isa = PBXBuildFile; productRef = 80152CB72BA182F400D6DCED /* FirebaseAuthCombine-Community */; };
		80152CBA2BA182F400D6DCED /* FirebaseCrashlytics in Frameworks */ = {isa = PBXBuildFile; productRef = 80152CB92BA182F400D6DCED /* FirebaseCrashlytics */; };
		80152CBC2BA182F400D6DCED /* FirebaseDatabase in Frameworks */ = {isa = PBXBuildFile; productRef = 80152CBB2BA182F400D6DCED /* FirebaseDatabase */; };
		80152CBE2BA182F400D6DCED /* FirebaseDatabaseSwift in Frameworks */ = {isa = PBXBuildFile; productRef = 80152CBD2BA182F400D6DCED /* FirebaseDatabaseSwift */; };
		80152CC02BA182F400D6DCED /* FirebaseDynamicLinks in Frameworks */ = {isa = PBXBuildFile; productRef = 80152CBF2BA182F400D6DCED /* FirebaseDynamicLinks */; };
		80152CC22BA182F400D6DCED /* FirebaseFirestore in Frameworks */ = {isa = PBXBuildFile; productRef = 80152CC12BA182F400D6DCED /* FirebaseFirestore */; };
		80152CC42BA182F400D6DCED /* FirebaseFirestoreCombine-Community in Frameworks */ = {isa = PBXBuildFile; productRef = 80152CC32BA182F400D6DCED /* FirebaseFirestoreCombine-Community */; };
		80152CC62BA182F400D6DCED /* FirebaseFirestoreSwift in Frameworks */ = {isa = PBXBuildFile; productRef = 80152CC52BA182F400D6DCED /* FirebaseFirestoreSwift */; };
		80152CC82BA182F400D6DCED /* FirebaseFunctions in Frameworks */ = {isa = PBXBuildFile; productRef = 80152CC72BA182F400D6DCED /* FirebaseFunctions */; };
		80152CCA2BA182F400D6DCED /* FirebaseFunctionsCombine-Community in Frameworks */ = {isa = PBXBuildFile; productRef = 80152CC92BA182F400D6DCED /* FirebaseFunctionsCombine-Community */; };
		80152CCC2BA182F400D6DCED /* FirebaseInAppMessaging-Beta in Frameworks */ = {isa = PBXBuildFile; productRef = 80152CCB2BA182F400D6DCED /* FirebaseInAppMessaging-Beta */; };
		80152CCE2BA182F400D6DCED /* FirebaseInAppMessagingSwift-Beta in Frameworks */ = {isa = PBXBuildFile; productRef = 80152CCD2BA182F400D6DCED /* FirebaseInAppMessagingSwift-Beta */; };
		80152CD02BA182F400D6DCED /* FirebaseInstallations in Frameworks */ = {isa = PBXBuildFile; productRef = 80152CCF2BA182F400D6DCED /* FirebaseInstallations */; };
		80152CD22BA182F400D6DCED /* FirebaseMLModelDownloader in Frameworks */ = {isa = PBXBuildFile; productRef = 80152CD12BA182F400D6DCED /* FirebaseMLModelDownloader */; };
		80152CD42BA182F400D6DCED /* FirebaseMessaging in Frameworks */ = {isa = PBXBuildFile; productRef = 80152CD32BA182F400D6DCED /* FirebaseMessaging */; };
		80152CD62BA182F400D6DCED /* FirebasePerformance in Frameworks */ = {isa = PBXBuildFile; productRef = 80152CD52BA182F400D6DCED /* FirebasePerformance */; };
		80152CD82BA182F400D6DCED /* FirebaseRemoteConfig in Frameworks */ = {isa = PBXBuildFile; productRef = 80152CD72BA182F400D6DCED /* FirebaseRemoteConfig */; };
		80152CDA2BA182F400D6DCED /* FirebaseRemoteConfigSwift in Frameworks */ = {isa = PBXBuildFile; productRef = 80152CD92BA182F400D6DCED /* FirebaseRemoteConfigSwift */; };
		80152CDC2BA182F400D6DCED /* FirebaseStorage in Frameworks */ = {isa = PBXBuildFile; productRef = 80152CDB2BA182F400D6DCED /* FirebaseStorage */; };
		80152CDE2BA182F400D6DCED /* FirebaseStorageCombine-Community in Frameworks */ = {isa = PBXBuildFile; productRef = 80152CDD2BA182F400D6DCED /* FirebaseStorageCombine-Community */; };
		80152CE02BA18E3000D6DCED /* AppDelegate.swift in Sources */ = {isa = PBXBuildFile; fileRef = 80152CDF2BA18E3000D6DCED /* AppDelegate.swift */; };
		804A76BA2B8E469000A6FC11 /* smooth_movesApp.swift in Sources */ = {isa = PBXBuildFile; fileRef = 804A76B92B8E469000A6FC11 /* smooth_movesApp.swift */; };
		804A76BC2B8E469000A6FC11 /* ContentView.swift in Sources */ = {isa = PBXBuildFile; fileRef = 804A76BB2B8E469000A6FC11 /* ContentView.swift */; };
		804A76BE2B8E469000A6FC11 /* Item.swift in Sources */ = {isa = PBXBuildFile; fileRef = 804A76BD2B8E469000A6FC11 /* Item.swift */; };
		804A76C02B8E469400A6FC11 /* Assets.xcassets in Resources */ = {isa = PBXBuildFile; fileRef = 804A76BF2B8E469400A6FC11 /* Assets.xcassets */; };
		804A76C32B8E469400A6FC11 /* Preview Assets.xcassets in Resources */ = {isa = PBXBuildFile; fileRef = 804A76C22B8E469400A6FC11 /* Preview Assets.xcassets */; };
		808289342B99B45900A0C359 /* GoogleService-Info.plist in Resources */ = {isa = PBXBuildFile; fileRef = 808289332B99B45900A0C359 /* GoogleService-Info.plist */; };
		80C0B4882B9C30400058DA7B /* Auth in Frameworks */ = {isa = PBXBuildFile; productRef = 80C0B4872B9C30400058DA7B /* Auth */; };
		80C0B48A2B9C30400058DA7B /* Functions in Frameworks */ = {isa = PBXBuildFile; productRef = 80C0B4892B9C30400058DA7B /* Functions */; };
		80C0B48C2B9C30400058DA7B /* PostgREST in Frameworks */ = {isa = PBXBuildFile; productRef = 80C0B48B2B9C30400058DA7B /* PostgREST */; };
		80C0B48E2B9C30400058DA7B /* Realtime in Frameworks */ = {isa = PBXBuildFile; productRef = 80C0B48D2B9C30400058DA7B /* Realtime */; };
		80C0B4902B9C30400058DA7B /* Storage in Frameworks */ = {isa = PBXBuildFile; productRef = 80C0B48F2B9C30400058DA7B /* Storage */; };
		80C0B4922B9C306F0058DA7B /* Supabase in Frameworks */ = {isa = PBXBuildFile; productRef = 80C0B4912B9C306F0058DA7B /* Supabase */; };
/* End PBXBuildFile section */

/* Begin PBXCopyFilesBuildPhase section */
		80265BED2B92580A00ED8DF9 /* Embed Foundation Extensions */ = {
			isa = PBXCopyFilesBuildPhase;
			buildActionMask = 2147483647;
			dstPath = "";
			dstSubfolderSpec = 13;
			files = (
			);
			name = "Embed Foundation Extensions";
			runOnlyForDeploymentPostprocessing = 0;
		};
/* End PBXCopyFilesBuildPhase section */

/* Begin PBXFileReference section */
		80152CDF2BA18E3000D6DCED /* AppDelegate.swift */ = {isa = PBXFileReference; lastKnownFileType = sourcecode.swift; path = AppDelegate.swift; sourceTree = "<group>"; };
		80265BCD2B92580900ED8DF9 /* Intents.framework */ = {isa = PBXFileReference; lastKnownFileType = wrapper.framework; name = Intents.framework; path = System/Library/Frameworks/Intents.framework; sourceTree = SDKROOT; };
		80265BD82B92580A00ED8DF9 /* IntentsUI.framework */ = {isa = PBXFileReference; lastKnownFileType = wrapper.framework; name = IntentsUI.framework; path = System/Library/Frameworks/IntentsUI.framework; sourceTree = SDKROOT; };
		804A76B62B8E469000A6FC11 /* smooth-moves.app */ = {isa = PBXFileReference; explicitFileType = wrapper.application; includeInIndex = 0; path = "smooth-moves.app"; sourceTree = BUILT_PRODUCTS_DIR; };
		804A76B92B8E469000A6FC11 /* smooth_movesApp.swift */ = {isa = PBXFileReference; lastKnownFileType = sourcecode.swift; path = smooth_movesApp.swift; sourceTree = "<group>"; };
		804A76BB2B8E469000A6FC11 /* ContentView.swift */ = {isa = PBXFileReference; lastKnownFileType = sourcecode.swift; path = ContentView.swift; sourceTree = "<group>"; };
		804A76BD2B8E469000A6FC11 /* Item.swift */ = {isa = PBXFileReference; lastKnownFileType = sourcecode.swift; path = Item.swift; sourceTree = "<group>"; };
		804A76BF2B8E469400A6FC11 /* Assets.xcassets */ = {isa = PBXFileReference; lastKnownFileType = folder.assetcatalog; path = Assets.xcassets; sourceTree = "<group>"; };
		804A76C22B8E469400A6FC11 /* Preview Assets.xcassets */ = {isa = PBXFileReference; lastKnownFileType = folder.assetcatalog; path = "Preview Assets.xcassets"; sourceTree = "<group>"; };
		804A76E72B8E46E700A6FC11 /* Info.plist */ = {isa = PBXFileReference; lastKnownFileType = text.plist; path = Info.plist; sourceTree = "<group>"; };
		808289332B99B45900A0C359 /* GoogleService-Info.plist */ = {isa = PBXFileReference; fileEncoding = 4; lastKnownFileType = text.plist.xml; path = "GoogleService-Info.plist"; sourceTree = "<group>"; };
/* End PBXFileReference section */

/* Begin PBXFrameworksBuildPhase section */
		804A76B32B8E469000A6FC11 /* Frameworks */ = {
			isa = PBXFrameworksBuildPhase;
			buildActionMask = 2147483647;
			files = (
				80152CC02BA182F400D6DCED /* FirebaseDynamicLinks in Frameworks */,
				80152CC62BA182F400D6DCED /* FirebaseFirestoreSwift in Frameworks */,
				80152CBE2BA182F400D6DCED /* FirebaseDatabaseSwift in Frameworks */,
				80C0B48C2B9C30400058DA7B /* PostgREST in Frameworks */,
				80152CDA2BA182F400D6DCED /* FirebaseRemoteConfigSwift in Frameworks */,
				80152CC22BA182F400D6DCED /* FirebaseFirestore in Frameworks */,
				80152CCA2BA182F400D6DCED /* FirebaseFunctionsCombine-Community in Frameworks */,
				80152CD62BA182F400D6DCED /* FirebasePerformance in Frameworks */,
				80152CD02BA182F400D6DCED /* FirebaseInstallations in Frameworks */,
				80152CBC2BA182F400D6DCED /* FirebaseDatabase in Frameworks */,
				80152CCE2BA182F400D6DCED /* FirebaseInAppMessagingSwift-Beta in Frameworks */,
				80152CB82BA182F400D6DCED /* FirebaseAuthCombine-Community in Frameworks */,
				80152CAC2BA182F400D6DCED /* FirebaseAnalyticsOnDeviceConversion in Frameworks */,
				80152CCC2BA182F400D6DCED /* FirebaseInAppMessaging-Beta in Frameworks */,
				80C0B48A2B9C30400058DA7B /* Functions in Frameworks */,
				80152CB42BA182F400D6DCED /* FirebaseAppDistribution-Beta in Frameworks */,
				80C0B4922B9C306F0058DA7B /* Supabase in Frameworks */,
				80152CDE2BA182F400D6DCED /* FirebaseStorageCombine-Community in Frameworks */,
				80C0B4882B9C30400058DA7B /* Auth in Frameworks */,
				80152CAE2BA182F400D6DCED /* FirebaseAnalyticsSwift in Frameworks */,
				80152CC82BA182F400D6DCED /* FirebaseFunctions in Frameworks */,
				80152CD22BA182F400D6DCED /* FirebaseMLModelDownloader in Frameworks */,
				80152CBA2BA182F400D6DCED /* FirebaseCrashlytics in Frameworks */,
				80152CD42BA182F400D6DCED /* FirebaseMessaging in Frameworks */,
				80152C9B2BA1748700D6DCED /* _NIOFileSystem in Frameworks */,
				80152CB22BA182F400D6DCED /* FirebaseAppCheck in Frameworks */,
				80152CB02BA182F400D6DCED /* FirebaseAnalyticsWithoutAdIdSupport in Frameworks */,
				80152C972BA172E700D6DCED /* NIOFoundationCompat in Frameworks */,
				80C0B4902B9C30400058DA7B /* Storage in Frameworks */,
				80152CD82BA182F400D6DCED /* FirebaseRemoteConfig in Frameworks */,
				80152CDC2BA182F400D6DCED /* FirebaseStorage in Frameworks */,
				80152CC42BA182F400D6DCED /* FirebaseFirestoreCombine-Community in Frameworks */,
				80152C9D2BA1748700D6DCED /* _NIOFileSystemFoundationCompat in Frameworks */,
				80C0B48E2B9C30400058DA7B /* Realtime in Frameworks */,
				80152CB62BA182F400D6DCED /* FirebaseAuth in Frameworks */,
				80152CAA2BA182F400D6DCED /* FirebaseAnalytics in Frameworks */,
			);
			runOnlyForDeploymentPostprocessing = 0;
		};
/* End PBXFrameworksBuildPhase section */

/* Begin PBXGroup section */
		80265BCC2B92580900ED8DF9 /* Frameworks */ = {
			isa = PBXGroup;
			children = (
				80265BCD2B92580900ED8DF9 /* Intents.framework */,
				80265BD82B92580A00ED8DF9 /* IntentsUI.framework */,
			);
			name = Frameworks;
			sourceTree = "<group>";
		};
		804A76AD2B8E469000A6FC11 = {
			isa = PBXGroup;
			children = (
				804A76B82B8E469000A6FC11 /* smooth-moves */,
				80265BCC2B92580900ED8DF9 /* Frameworks */,
				804A76B72B8E469000A6FC11 /* Products */,
			);
			sourceTree = "<group>";
		};
		804A76B72B8E469000A6FC11 /* Products */ = {
			isa = PBXGroup;
			children = (
				804A76B62B8E469000A6FC11 /* smooth-moves.app */,
			);
			name = Products;
			sourceTree = "<group>";
		};
		804A76B82B8E469000A6FC11 /* smooth-moves */ = {
			isa = PBXGroup;
			children = (
				804A76E72B8E46E700A6FC11 /* Info.plist */,
				804A76B92B8E469000A6FC11 /* smooth_movesApp.swift */,
				80152CDF2BA18E3000D6DCED /* AppDelegate.swift */,
				804A76BB2B8E469000A6FC11 /* ContentView.swift */,
				804A76BD2B8E469000A6FC11 /* Item.swift */,
				808289332B99B45900A0C359 /* GoogleService-Info.plist */,
				804A76BF2B8E469400A6FC11 /* Assets.xcassets */,
				804A76C12B8E469400A6FC11 /* Preview Content */,
			);
			path = "smooth-moves";
			sourceTree = "<group>";
		};
		804A76C12B8E469400A6FC11 /* Preview Content */ = {
			isa = PBXGroup;
			children = (
				804A76C22B8E469400A6FC11 /* Preview Assets.xcassets */,
			);
			path = "Preview Content";
			sourceTree = "<group>";
		};
/* End PBXGroup section */

/* Begin PBXNativeTarget section */
		804A76B52B8E469000A6FC11 /* smooth-moves */ = {
			isa = PBXNativeTarget;
			buildConfigurationList = 804A76DC2B8E469400A6FC11 /* Build configuration list for PBXNativeTarget "smooth-moves" */;
			buildPhases = (
				804A76B22B8E469000A6FC11 /* Sources */,
				804A76B32B8E469000A6FC11 /* Frameworks */,
				804A76B42B8E469000A6FC11 /* Resources */,
				80265BED2B92580A00ED8DF9 /* Embed Foundation Extensions */,
				8082892C2B98B40C00A0C359 /* ShellScript */,
			);
			buildRules = (
			);
			dependencies = (
			);
			name = "smooth-moves";
			packageProductDependencies = (
				80C0B4872B9C30400058DA7B /* Auth */,
				80C0B4892B9C30400058DA7B /* Functions */,
				80C0B48B2B9C30400058DA7B /* PostgREST */,
				80C0B48D2B9C30400058DA7B /* Realtime */,
				80C0B48F2B9C30400058DA7B /* Storage */,
				80C0B4912B9C306F0058DA7B /* Supabase */,
				80152C962BA172E700D6DCED /* NIOFoundationCompat */,
				80152C9A2BA1748700D6DCED /* _NIOFileSystem */,
				80152C9C2BA1748700D6DCED /* _NIOFileSystemFoundationCompat */,
				80152CA92BA182F400D6DCED /* FirebaseAnalytics */,
				80152CAB2BA182F400D6DCED /* FirebaseAnalyticsOnDeviceConversion */,
				80152CAD2BA182F400D6DCED /* FirebaseAnalyticsSwift */,
				80152CAF2BA182F400D6DCED /* FirebaseAnalyticsWithoutAdIdSupport */,
				80152CB12BA182F400D6DCED /* FirebaseAppCheck */,
				80152CB32BA182F400D6DCED /* FirebaseAppDistribution-Beta */,
				80152CB52BA182F400D6DCED /* FirebaseAuth */,
				80152CB72BA182F400D6DCED /* FirebaseAuthCombine-Community */,
				80152CB92BA182F400D6DCED /* FirebaseCrashlytics */,
				80152CBB2BA182F400D6DCED /* FirebaseDatabase */,
				80152CBD2BA182F400D6DCED /* FirebaseDatabaseSwift */,
				80152CBF2BA182F400D6DCED /* FirebaseDynamicLinks */,
				80152CC12BA182F400D6DCED /* FirebaseFirestore */,
				80152CC32BA182F400D6DCED /* FirebaseFirestoreCombine-Community */,
				80152CC52BA182F400D6DCED /* FirebaseFirestoreSwift */,
				80152CC72BA182F400D6DCED /* FirebaseFunctions */,
				80152CC92BA182F400D6DCED /* FirebaseFunctionsCombine-Community */,
				80152CCB2BA182F400D6DCED /* FirebaseInAppMessaging-Beta */,
				80152CCD2BA182F400D6DCED /* FirebaseInAppMessagingSwift-Beta */,
				80152CCF2BA182F400D6DCED /* FirebaseInstallations */,
				80152CD12BA182F400D6DCED /* FirebaseMLModelDownloader */,
				80152CD32BA182F400D6DCED /* FirebaseMessaging */,
				80152CD52BA182F400D6DCED /* FirebasePerformance */,
				80152CD72BA182F400D6DCED /* FirebaseRemoteConfig */,
				80152CD92BA182F400D6DCED /* FirebaseRemoteConfigSwift */,
				80152CDB2BA182F400D6DCED /* FirebaseStorage */,
				80152CDD2BA182F400D6DCED /* FirebaseStorageCombine-Community */,
			);
			productName = "smooth-moves";
			productReference = 804A76B62B8E469000A6FC11 /* smooth-moves.app */;
			productType = "com.apple.product-type.application";
		};
/* End PBXNativeTarget section */

/* Begin PBXProject section */
		804A76AE2B8E469000A6FC11 /* Project object */ = {
			isa = PBXProject;
			attributes = {
				BuildIndependentTargetsInParallel = 1;
				LastSwiftUpdateCheck = 1520;
				LastUpgradeCheck = 1520;
				TargetAttributes = {
					804A76B52B8E469000A6FC11 = {
						CreatedOnToolsVersion = 15.2;
					};
				};
			};
			buildConfigurationList = 804A76B12B8E469000A6FC11 /* Build configuration list for PBXProject "smooth-moves" */;
			compatibilityVersion = "Xcode 14.0";
			developmentRegion = en;
			hasScannedForEncodings = 0;
			knownRegions = (
				en,
				Base,
			);
			mainGroup = 804A76AD2B8E469000A6FC11;
			packageReferences = (
				80C0B4862B9C30400058DA7B /* XCRemoteSwiftPackageReference "supabase-swift" */,
				80152C8D2BA172E700D6DCED /* XCRemoteSwiftPackageReference "swift-nio" */,
				80152CA82BA182F400D6DCED /* XCRemoteSwiftPackageReference "firebase-ios-sdk" */,
			);
			productRefGroup = 804A76B72B8E469000A6FC11 /* Products */;
			projectDirPath = "";
			projectRoot = "";
			targets = (
				804A76B52B8E469000A6FC11 /* smooth-moves */,
			);
		};
/* End PBXProject section */

/* Begin PBXResourcesBuildPhase section */
		804A76B42B8E469000A6FC11 /* Resources */ = {
			isa = PBXResourcesBuildPhase;
			buildActionMask = 2147483647;
			files = (
				804A76C32B8E469400A6FC11 /* Preview Assets.xcassets in Resources */,
				804A76C02B8E469400A6FC11 /* Assets.xcassets in Resources */,
				808289342B99B45900A0C359 /* GoogleService-Info.plist in Resources */,
			);
			runOnlyForDeploymentPostprocessing = 0;
		};
/* End PBXResourcesBuildPhase section */

/* Begin PBXShellScriptBuildPhase section */
		8082892C2B98B40C00A0C359 /* ShellScript */ = {
			isa = PBXShellScriptBuildPhase;
			buildActionMask = 12;
			files = (
			);
			inputFileListPaths = (
			);
			inputPaths = (
			);
			outputFileListPaths = (
			);
			outputPaths = (
			);
			runOnlyForDeploymentPostprocessing = 0;
			shellPath = /bin/zsh;
			shellScript = "# Type a script or drag a script file from your workspace to insert its path.\n";
		};
/* End PBXShellScriptBuildPhase section */

/* Begin PBXSourcesBuildPhase section */
		804A76B22B8E469000A6FC11 /* Sources */ = {
			isa = PBXSourcesBuildPhase;
			buildActionMask = 2147483647;
			files = (
				80152CE02BA18E3000D6DCED /* AppDelegate.swift in Sources */,
				804A76BC2B8E469000A6FC11 /* ContentView.swift in Sources */,
				804A76BE2B8E469000A6FC11 /* Item.swift in Sources */,
				804A76BA2B8E469000A6FC11 /* smooth_movesApp.swift in Sources */,
			);
			runOnlyForDeploymentPostprocessing = 0;
		};
/* End PBXSourcesBuildPhase section */

/* Begin XCBuildConfiguration section */
		804A76DA2B8E469400A6FC11 /* Debug */ = {
			isa = XCBuildConfiguration;
			buildSettings = {
				ALWAYS_SEARCH_USER_PATHS = NO;
				ASSETCATALOG_COMPILER_GENERATE_SWIFT_ASSET_SYMBOL_EXTENSIONS = YES;
				CLANG_ANALYZER_NONNULL = YES;
				CLANG_ANALYZER_NUMBER_OBJECT_CONVERSION = YES_AGGRESSIVE;
				CLANG_CXX_LANGUAGE_STANDARD = "gnu++20";
				CLANG_ENABLE_MODULES = YES;
				CLANG_ENABLE_OBJC_ARC = YES;
				CLANG_ENABLE_OBJC_WEAK = YES;
				CLANG_WARN_BLOCK_CAPTURE_AUTORELEASING = YES;
				CLANG_WARN_BOOL_CONVERSION = YES;
				CLANG_WARN_COMMA = YES;
				CLANG_WARN_CONSTANT_CONVERSION = YES;
				CLANG_WARN_DEPRECATED_OBJC_IMPLEMENTATIONS = YES;
				CLANG_WARN_DIRECT_OBJC_ISA_USAGE = YES_ERROR;
				CLANG_WARN_DOCUMENTATION_COMMENTS = YES;
				CLANG_WARN_EMPTY_BODY = YES;
				CLANG_WARN_ENUM_CONVERSION = YES;
				CLANG_WARN_INFINITE_RECURSION = YES;
				CLANG_WARN_INT_CONVERSION = YES;
				CLANG_WARN_NON_LITERAL_NULL_CONVERSION = YES;
				CLANG_WARN_OBJC_IMPLICIT_RETAIN_SELF = YES;
				CLANG_WARN_OBJC_LITERAL_CONVERSION = YES;
				CLANG_WARN_OBJC_ROOT_CLASS = YES_ERROR;
				CLANG_WARN_QUOTED_INCLUDE_IN_FRAMEWORK_HEADER = YES;
				CLANG_WARN_RANGE_LOOP_ANALYSIS = YES;
				CLANG_WARN_STRICT_PROTOTYPES = YES;
				CLANG_WARN_SUSPICIOUS_MOVE = YES;
				CLANG_WARN_UNGUARDED_AVAILABILITY = YES_AGGRESSIVE;
				CLANG_WARN_UNREACHABLE_CODE = YES;
				CLANG_WARN__DUPLICATE_METHOD_MATCH = YES;
				COPY_PHASE_STRIP = NO;
				DEBUG_INFORMATION_FORMAT = dwarf;
				ENABLE_STRICT_OBJC_MSGSEND = YES;
				ENABLE_TESTABILITY = YES;
				ENABLE_USER_SCRIPT_SANDBOXING = YES;
				GCC_C_LANGUAGE_STANDARD = gnu17;
				GCC_DYNAMIC_NO_PIC = NO;
				GCC_NO_COMMON_BLOCKS = YES;
				GCC_OPTIMIZATION_LEVEL = 0;
				GCC_PREPROCESSOR_DEFINITIONS = (
					"DEBUG=1",
					"$(inherited)",
				);
				GCC_WARN_64_TO_32_BIT_CONVERSION = YES;
				GCC_WARN_ABOUT_RETURN_TYPE = YES_ERROR;
				GCC_WARN_UNDECLARED_SELECTOR = YES;
				GCC_WARN_UNINITIALIZED_AUTOS = YES_AGGRESSIVE;
				GCC_WARN_UNUSED_FUNCTION = YES;
				GCC_WARN_UNUSED_VARIABLE = YES;
				IPHONEOS_DEPLOYMENT_TARGET = 17.2;
				LOCALIZATION_PREFERS_STRING_CATALOGS = YES;
				MTL_ENABLE_DEBUG_INFO = INCLUDE_SOURCE;
				MTL_FAST_MATH = YES;
				ONLY_ACTIVE_ARCH = YES;
				SDKROOT = iphoneos;
				SWIFT_ACTIVE_COMPILATION_CONDITIONS = "DEBUG $(inherited)";
				SWIFT_OPTIMIZATION_LEVEL = "-Onone";
			};
			name = Debug;
		};
		804A76DB2B8E469400A6FC11 /* Release */ = {
			isa = XCBuildConfiguration;
			buildSettings = {
				ALWAYS_SEARCH_USER_PATHS = NO;
				ASSETCATALOG_COMPILER_GENERATE_SWIFT_ASSET_SYMBOL_EXTENSIONS = YES;
				CLANG_ANALYZER_NONNULL = YES;
				CLANG_ANALYZER_NUMBER_OBJECT_CONVERSION = YES_AGGRESSIVE;
				CLANG_CXX_LANGUAGE_STANDARD = "gnu++20";
				CLANG_ENABLE_MODULES = YES;
				CLANG_ENABLE_OBJC_ARC = YES;
				CLANG_ENABLE_OBJC_WEAK = YES;
				CLANG_WARN_BLOCK_CAPTURE_AUTORELEASING = YES;
				CLANG_WARN_BOOL_CONVERSION = YES;
				CLANG_WARN_COMMA = YES;
				CLANG_WARN_CONSTANT_CONVERSION = YES;
				CLANG_WARN_DEPRECATED_OBJC_IMPLEMENTATIONS = YES;
				CLANG_WARN_DIRECT_OBJC_ISA_USAGE = YES_ERROR;
				CLANG_WARN_DOCUMENTATION_COMMENTS = YES;
				CLANG_WARN_EMPTY_BODY = YES;
				CLANG_WARN_ENUM_CONVERSION = YES;
				CLANG_WARN_INFINITE_RECURSION = YES;
				CLANG_WARN_INT_CONVERSION = YES;
				CLANG_WARN_NON_LITERAL_NULL_CONVERSION = YES;
				CLANG_WARN_OBJC_IMPLICIT_RETAIN_SELF = YES;
				CLANG_WARN_OBJC_LITERAL_CONVERSION = YES;
				CLANG_WARN_OBJC_ROOT_CLASS = YES_ERROR;
				CLANG_WARN_QUOTED_INCLUDE_IN_FRAMEWORK_HEADER = YES;
				CLANG_WARN_RANGE_LOOP_ANALYSIS = YES;
				CLANG_WARN_STRICT_PROTOTYPES = YES;
				CLANG_WARN_SUSPICIOUS_MOVE = YES;
				CLANG_WARN_UNGUARDED_AVAILABILITY = YES_AGGRESSIVE;
				CLANG_WARN_UNREACHABLE_CODE = YES;
				CLANG_WARN__DUPLICATE_METHOD_MATCH = YES;
				COPY_PHASE_STRIP = NO;
				DEBUG_INFORMATION_FORMAT = "dwarf-with-dsym";
				ENABLE_NS_ASSERTIONS = NO;
				ENABLE_STRICT_OBJC_MSGSEND = YES;
				ENABLE_USER_SCRIPT_SANDBOXING = YES;
				GCC_C_LANGUAGE_STANDARD = gnu17;
				GCC_NO_COMMON_BLOCKS = YES;
				GCC_WARN_64_TO_32_BIT_CONVERSION = YES;
				GCC_WARN_ABOUT_RETURN_TYPE = YES_ERROR;
				GCC_WARN_UNDECLARED_SELECTOR = YES;
				GCC_WARN_UNINITIALIZED_AUTOS = YES_AGGRESSIVE;
				GCC_WARN_UNUSED_FUNCTION = YES;
				GCC_WARN_UNUSED_VARIABLE = YES;
				IPHONEOS_DEPLOYMENT_TARGET = 17.2;
				LOCALIZATION_PREFERS_STRING_CATALOGS = YES;
				MTL_ENABLE_DEBUG_INFO = NO;
				MTL_FAST_MATH = YES;
				SDKROOT = iphoneos;
				SWIFT_COMPILATION_MODE = wholemodule;
				VALIDATE_PRODUCT = YES;
			};
			name = Release;
		};
		804A76DD2B8E469400A6FC11 /* Debug */ = {
			isa = XCBuildConfiguration;
			buildSettings = {
				ASSETCATALOG_COMPILER_APPICON_NAME = AppIcon;
				ASSETCATALOG_COMPILER_GLOBAL_ACCENT_COLOR_NAME = AccentColor;
				CODE_SIGN_STYLE = Automatic;
				CURRENT_PROJECT_VERSION = 1;
				DEVELOPMENT_ASSET_PATHS = "\"smooth-moves/Preview Content\"";
				DEVELOPMENT_TEAM = FHGTGQ8ZTH;
				ENABLE_PREVIEWS = YES;
				GENERATE_INFOPLIST_FILE = YES;
				INFOPLIST_FILE = "smooth-moves/Info.plist";
				INFOPLIST_KEY_UIApplicationSceneManifest_Generation = YES;
				INFOPLIST_KEY_UIApplicationSupportsIndirectInputEvents = YES;
				INFOPLIST_KEY_UILaunchScreen_Generation = YES;
				INFOPLIST_KEY_UISupportedInterfaceOrientations_iPad = "UIInterfaceOrientationPortrait UIInterfaceOrientationPortraitUpsideDown UIInterfaceOrientationLandscapeLeft UIInterfaceOrientationLandscapeRight";
				INFOPLIST_KEY_UISupportedInterfaceOrientations_iPhone = "UIInterfaceOrientationPortrait UIInterfaceOrientationLandscapeLeft UIInterfaceOrientationLandscapeRight";
				LD_RUNPATH_SEARCH_PATHS = (
					"$(inherited)",
					"@executable_path/Frameworks",
				);
				MARKETING_VERSION = 1.0;
				"OTHER_LDFLAGS[arch=*]" = "-ObjC";
				PRODUCT_BUNDLE_IDENTIFIER = "vaibhav.smooth-moves";
				PRODUCT_NAME = "$(TARGET_NAME)";
				SWIFT_EMIT_LOC_STRINGS = YES;
				SWIFT_VERSION = 5.0;
				TARGETED_DEVICE_FAMILY = "1,2";
			};
			name = Debug;
		};
		804A76DE2B8E469400A6FC11 /* Release */ = {
			isa = XCBuildConfiguration;
			buildSettings = {
				ASSETCATALOG_COMPILER_APPICON_NAME = AppIcon;
				ASSETCATALOG_COMPILER_GLOBAL_ACCENT_COLOR_NAME = AccentColor;
				CODE_SIGN_STYLE = Automatic;
				CURRENT_PROJECT_VERSION = 1;
				DEVELOPMENT_ASSET_PATHS = "\"smooth-moves/Preview Content\"";
				DEVELOPMENT_TEAM = FHGTGQ8ZTH;
				ENABLE_PREVIEWS = YES;
				GENERATE_INFOPLIST_FILE = YES;
				INFOPLIST_FILE = "smooth-moves/Info.plist";
				INFOPLIST_KEY_UIApplicationSceneManifest_Generation = YES;
				INFOPLIST_KEY_UIApplicationSupportsIndirectInputEvents = YES;
				INFOPLIST_KEY_UILaunchScreen_Generation = YES;
				INFOPLIST_KEY_UISupportedInterfaceOrientations_iPad = "UIInterfaceOrientationPortrait UIInterfaceOrientationPortraitUpsideDown UIInterfaceOrientationLandscapeLeft UIInterfaceOrientationLandscapeRight";
				INFOPLIST_KEY_UISupportedInterfaceOrientations_iPhone = "UIInterfaceOrientationPortrait UIInterfaceOrientationLandscapeLeft UIInterfaceOrientationLandscapeRight";
				LD_RUNPATH_SEARCH_PATHS = (
					"$(inherited)",
					"@executable_path/Frameworks",
				);
				MARKETING_VERSION = 1.0;
				PRODUCT_BUNDLE_IDENTIFIER = "vaibhav.smooth-moves";
				PRODUCT_NAME = "$(TARGET_NAME)";
				SWIFT_EMIT_LOC_STRINGS = YES;
				SWIFT_VERSION = 5.0;
				TARGETED_DEVICE_FAMILY = "1,2";
			};
			name = Release;
		};
/* End XCBuildConfiguration section */

/* Begin XCConfigurationList section */
		804A76B12B8E469000A6FC11 /* Build configuration list for PBXProject "smooth-moves" */ = {
			isa = XCConfigurationList;
			buildConfigurations = (
				804A76DA2B8E469400A6FC11 /* Debug */,
				804A76DB2B8E469400A6FC11 /* Release */,
			);
			defaultConfigurationIsVisible = 0;
			defaultConfigurationName = Debug;
		};
		804A76DC2B8E469400A6FC11 /* Build configuration list for PBXNativeTarget "smooth-moves" */ = {
			isa = XCConfigurationList;
			buildConfigurations = (
				804A76DD2B8E469400A6FC11 /* Debug */,
				804A76DE2B8E469400A6FC11 /* Release */,
			);
			defaultConfigurationIsVisible = 0;
			defaultConfigurationName = Debug;
		};
/* End XCConfigurationList section */

/* Begin XCRemoteSwiftPackageReference section */
		80152C8D2BA172E700D6DCED /* XCRemoteSwiftPackageReference "swift-nio" */ = {
			isa = XCRemoteSwiftPackageReference;
			repositoryURL = "https://github.com/apple/swift-nio";
			requirement = {
				kind = upToNextMajorVersion;
				minimumVersion = 2.64.0;
			};
		};
		80152CA82BA182F400D6DCED /* XCRemoteSwiftPackageReference "firebase-ios-sdk" */ = {
			isa = XCRemoteSwiftPackageReference;
			repositoryURL = "https://github.com/firebase/firebase-ios-sdk";
			requirement = {
				kind = upToNextMajorVersion;
				minimumVersion = 10.22.1;
			};
		};
		80C0B4862B9C30400058DA7B /* XCRemoteSwiftPackageReference "supabase-swift" */ = {
			isa = XCRemoteSwiftPackageReference;
			repositoryURL = "https://github.com/supabase-community/supabase-swift.git";
			requirement = {
				kind = upToNextMajorVersion;
				minimumVersion = 2.4.0;
			};
		};
/* End XCRemoteSwiftPackageReference section */

/* Begin XCSwiftPackageProductDependency section */
		80152C962BA172E700D6DCED /* NIOFoundationCompat */ = {
			isa = XCSwiftPackageProductDependency;
			package = 80152C8D2BA172E700D6DCED /* XCRemoteSwiftPackageReference "swift-nio" */;
			productName = NIOFoundationCompat;
		};
		80152C9A2BA1748700D6DCED /* _NIOFileSystem */ = {
			isa = XCSwiftPackageProductDependency;
			package = 80152C8D2BA172E700D6DCED /* XCRemoteSwiftPackageReference "swift-nio" */;
			productName = _NIOFileSystem;
		};
		80152C9C2BA1748700D6DCED /* _NIOFileSystemFoundationCompat */ = {
			isa = XCSwiftPackageProductDependency;
			package = 80152C8D2BA172E700D6DCED /* XCRemoteSwiftPackageReference "swift-nio" */;
			productName = _NIOFileSystemFoundationCompat;
		};
		80152CA92BA182F400D6DCED /* FirebaseAnalytics */ = {
			isa = XCSwiftPackageProductDependency;
			package = 80152CA82BA182F400D6DCED /* XCRemoteSwiftPackageReference "firebase-ios-sdk" */;
			productName = FirebaseAnalytics;
		};
		80152CAB2BA182F400D6DCED /* FirebaseAnalyticsOnDeviceConversion */ = {
			isa = XCSwiftPackageProductDependency;
			package = 80152CA82BA182F400D6DCED /* XCRemoteSwiftPackageReference "firebase-ios-sdk" */;
			productName = FirebaseAnalyticsOnDeviceConversion;
		};
		80152CAD2BA182F400D6DCED /* FirebaseAnalyticsSwift */ = {
			isa = XCSwiftPackageProductDependency;
			package = 80152CA82BA182F400D6DCED /* XCRemoteSwiftPackageReference "firebase-ios-sdk" */;
			productName = FirebaseAnalyticsSwift;
		};
		80152CAF2BA182F400D6DCED /* FirebaseAnalyticsWithoutAdIdSupport */ = {
			isa = XCSwiftPackageProductDependency;
			package = 80152CA82BA182F400D6DCED /* XCRemoteSwiftPackageReference "firebase-ios-sdk" */;
			productName = FirebaseAnalyticsWithoutAdIdSupport;
		};
		80152CB12BA182F400D6DCED /* FirebaseAppCheck */ = {
			isa = XCSwiftPackageProductDependency;
			package = 80152CA82BA182F400D6DCED /* XCRemoteSwiftPackageReference "firebase-ios-sdk" */;
			productName = FirebaseAppCheck;
		};
		80152CB32BA182F400D6DCED /* FirebaseAppDistribution-Beta */ = {
			isa = XCSwiftPackageProductDependency;
			package = 80152CA82BA182F400D6DCED /* XCRemoteSwiftPackageReference "firebase-ios-sdk" */;
			productName = "FirebaseAppDistribution-Beta";
		};
		80152CB52BA182F400D6DCED /* FirebaseAuth */ = {
			isa = XCSwiftPackageProductDependency;
			package = 80152CA82BA182F400D6DCED /* XCRemoteSwiftPackageReference "firebase-ios-sdk" */;
			productName = FirebaseAuth;
		};
		80152CB72BA182F400D6DCED /* FirebaseAuthCombine-Community */ = {
			isa = XCSwiftPackageProductDependency;
			package = 80152CA82BA182F400D6DCED /* XCRemoteSwiftPackageReference "firebase-ios-sdk" */;
			productName = "FirebaseAuthCombine-Community";
		};
		80152CB92BA182F400D6DCED /* FirebaseCrashlytics */ = {
			isa = XCSwiftPackageProductDependency;
			package = 80152CA82BA182F400D6DCED /* XCRemoteSwiftPackageReference "firebase-ios-sdk" */;
			productName = FirebaseCrashlytics;
		};
		80152CBB2BA182F400D6DCED /* FirebaseDatabase */ = {
			isa = XCSwiftPackageProductDependency;
			package = 80152CA82BA182F400D6DCED /* XCRemoteSwiftPackageReference "firebase-ios-sdk" */;
			productName = FirebaseDatabase;
		};
		80152CBD2BA182F400D6DCED /* FirebaseDatabaseSwift */ = {
			isa = XCSwiftPackageProductDependency;
			package = 80152CA82BA182F400D6DCED /* XCRemoteSwiftPackageReference "firebase-ios-sdk" */;
			productName = FirebaseDatabaseSwift;
		};
		80152CBF2BA182F400D6DCED /* FirebaseDynamicLinks */ = {
			isa = XCSwiftPackageProductDependency;
			package = 80152CA82BA182F400D6DCED /* XCRemoteSwiftPackageReference "firebase-ios-sdk" */;
			productName = FirebaseDynamicLinks;
		};
		80152CC12BA182F400D6DCED /* FirebaseFirestore */ = {
			isa = XCSwiftPackageProductDependency;
			package = 80152CA82BA182F400D6DCED /* XCRemoteSwiftPackageReference "firebase-ios-sdk" */;
			productName = FirebaseFirestore;
		};
		80152CC32BA182F400D6DCED /* FirebaseFirestoreCombine-Community */ = {
			isa = XCSwiftPackageProductDependency;
			package = 80152CA82BA182F400D6DCED /* XCRemoteSwiftPackageReference "firebase-ios-sdk" */;
			productName = "FirebaseFirestoreCombine-Community";
		};
		80152CC52BA182F400D6DCED /* FirebaseFirestoreSwift */ = {
			isa = XCSwiftPackageProductDependency;
			package = 80152CA82BA182F400D6DCED /* XCRemoteSwiftPackageReference "firebase-ios-sdk" */;
			productName = FirebaseFirestoreSwift;
		};
		80152CC72BA182F400D6DCED /* FirebaseFunctions */ = {
			isa = XCSwiftPackageProductDependency;
			package = 80152CA82BA182F400D6DCED /* XCRemoteSwiftPackageReference "firebase-ios-sdk" */;
			productName = FirebaseFunctions;
		};
		80152CC92BA182F400D6DCED /* FirebaseFunctionsCombine-Community */ = {
			isa = XCSwiftPackageProductDependency;
			package = 80152CA82BA182F400D6DCED /* XCRemoteSwiftPackageReference "firebase-ios-sdk" */;
			productName = "FirebaseFunctionsCombine-Community";
		};
		80152CCB2BA182F400D6DCED /* FirebaseInAppMessaging-Beta */ = {
			isa = XCSwiftPackageProductDependency;
			package = 80152CA82BA182F400D6DCED /* XCRemoteSwiftPackageReference "firebase-ios-sdk" */;
			productName = "FirebaseInAppMessaging-Beta";
		};
		80152CCD2BA182F400D6DCED /* FirebaseInAppMessagingSwift-Beta */ = {
			isa = XCSwiftPackageProductDependency;
			package = 80152CA82BA182F400D6DCED /* XCRemoteSwiftPackageReference "firebase-ios-sdk" */;
			productName = "FirebaseInAppMessagingSwift-Beta";
		};
		80152CCF2BA182F400D6DCED /* FirebaseInstallations */ = {
			isa = XCSwiftPackageProductDependency;
			package = 80152CA82BA182F400D6DCED /* XCRemoteSwiftPackageReference "firebase-ios-sdk" */;
			productName = FirebaseInstallations;
		};
		80152CD12BA182F400D6DCED /* FirebaseMLModelDownloader */ = {
			isa = XCSwiftPackageProductDependency;
			package = 80152CA82BA182F400D6DCED /* XCRemoteSwiftPackageReference "firebase-ios-sdk" */;
			productName = FirebaseMLModelDownloader;
		};
		80152CD32BA182F400D6DCED /* FirebaseMessaging */ = {
			isa = XCSwiftPackageProductDependency;
			package = 80152CA82BA182F400D6DCED /* XCRemoteSwiftPackageReference "firebase-ios-sdk" */;
			productName = FirebaseMessaging;
		};
		80152CD52BA182F400D6DCED /* FirebasePerformance */ = {
			isa = XCSwiftPackageProductDependency;
			package = 80152CA82BA182F400D6DCED /* XCRemoteSwiftPackageReference "firebase-ios-sdk" */;
			productName = FirebasePerformance;
		};
		80152CD72BA182F400D6DCED /* FirebaseRemoteConfig */ = {
			isa = XCSwiftPackageProductDependency;
			package = 80152CA82BA182F400D6DCED /* XCRemoteSwiftPackageReference "firebase-ios-sdk" */;
			productName = FirebaseRemoteConfig;
		};
		80152CD92BA182F400D6DCED /* FirebaseRemoteConfigSwift */ = {
			isa = XCSwiftPackageProductDependency;
			package = 80152CA82BA182F400D6DCED /* XCRemoteSwiftPackageReference "firebase-ios-sdk" */;
			productName = FirebaseRemoteConfigSwift;
		};
		80152CDB2BA182F400D6DCED /* FirebaseStorage */ = {
			isa = XCSwiftPackageProductDependency;
			package = 80152CA82BA182F400D6DCED /* XCRemoteSwiftPackageReference "firebase-ios-sdk" */;
			productName = FirebaseStorage;
		};
		80152CDD2BA182F400D6DCED /* FirebaseStorageCombine-Community */ = {
			isa = XCSwiftPackageProductDependency;
			package = 80152CA82BA182F400D6DCED /* XCRemoteSwiftPackageReference "firebase-ios-sdk" */;
			productName = "FirebaseStorageCombine-Community";
		};
		80C0B4872B9C30400058DA7B /* Auth */ = {
			isa = XCSwiftPackageProductDependency;
			package = 80C0B4862B9C30400058DA7B /* XCRemoteSwiftPackageReference "supabase-swift" */;
			productName = Auth;
		};
		80C0B4892B9C30400058DA7B /* Functions */ = {
			isa = XCSwiftPackageProductDependency;
			package = 80C0B4862B9C30400058DA7B /* XCRemoteSwiftPackageReference "supabase-swift" */;
			productName = Functions;
		};
		80C0B48B2B9C30400058DA7B /* PostgREST */ = {
			isa = XCSwiftPackageProductDependency;
			package = 80C0B4862B9C30400058DA7B /* XCRemoteSwiftPackageReference "supabase-swift" */;
			productName = PostgREST;
		};
		80C0B48D2B9C30400058DA7B /* Realtime */ = {
			isa = XCSwiftPackageProductDependency;
			package = 80C0B4862B9C30400058DA7B /* XCRemoteSwiftPackageReference "supabase-swift" */;
			productName = Realtime;
		};
		80C0B48F2B9C30400058DA7B /* Storage */ = {
			isa = XCSwiftPackageProductDependency;
			package = 80C0B4862B9C30400058DA7B /* XCRemoteSwiftPackageReference "supabase-swift" */;
			productName = Storage;
		};
		80C0B4912B9C306F0058DA7B /* Supabase */ = {
			isa = XCSwiftPackageProductDependency;
			package = 80C0B4862B9C30400058DA7B /* XCRemoteSwiftPackageReference "supabase-swift" */;
			productName = Supabase;
		};
/* End XCSwiftPackageProductDependency section */
	};
	rootObject = 804A76AE2B8E469000A6FC11 /* Project object */;
}
